
Microsoft Visual Studio Solution File, Format Version 12.00
# Visual Studio Version 16
VisualStudioVersion = 16.0.29613.14
MinimumVisualStudioVersion = 10.0.40219.1
Project("{FAE04EC0-301F-11D3-BF4B-00C04F79EFBC}") = "WPF_Shovkun_PR5", "WPF_Shovkun_PR5.csproj", "{541230BF-AF2B-4AB7-9396-3376DDA50FB3}"
EndProject
Global
	GlobalSection(SolutionConfigurationPlatforms) = preSolution
		Debug|Any CPU = Debug|Any CPU
		Release|Any CPU = Release|Any CPU
	EndGlobalSection
	GlobalSection(ProjectConfigurationPlatforms) = postSolution
		{541230BF-AF2B-4AB7-9396-3376DDA50FB3}.Debug|Any CPU.ActiveCfg = Debug|Any CPU
		{541230BF-AF2B-4AB7-9396-3376DDA50FB3}.Debug|Any CPU.Build.0 = Debug|Any CPU
		{541230BF-AF2B-4AB7-9396-3376DDA50FB3}.Release|Any CPU.ActiveCfg = Release|Any CPU
		{541230BF-AF2B-4AB7-9396-3376DDA50FB3}.Release|Any CPU.Build.0 = Release|Any CPU
	EndGlobalSection
	GlobalSection(SolutionProperties) = preSolution
		HideSolutionNode = FALSE
	EndGlobalSection
	GlobalSection(ExtensibilityGlobals) = postSolution
		SolutionGuid = {F5D19A3A-B136-4771-892E-449C0221EDAF}
	EndGlobalSection
EndGlobal
